
Microsoft Visual Studio Solution File, Format Version 12.00
# Visual Studio Version 16
VisualStudioVersion = 16.0.30204.135
MinimumVisualStudioVersion = 10.0.40219.1
Project("{FAE04EC0-301F-11D3-BF4B-00C04F79EFBC}") = "SampleProject.UWP", "SampleProject\SampleProject.UWP\SampleProject.UWP.csproj", "{2C077820-ED7F-4768-BD40-3824F2B1789D}"
EndProject
Project("{FAE04EC0-301F-11D3-BF4B-00C04F79EFBC}") = "SampleProject.Android", "SampleProject\SampleProject.Android\SampleProject.Android.csproj", "{A64DB482-B450-4E26-8739-C2430FC1EF7F}"
EndProject
Project("{FAE04EC0-301F-11D3-BF4B-00C04F79EFBC}") = "SampleProject.iOS", "SampleProject\SampleProject.iOS\SampleProject.iOS.csproj", "{35E86907-0A84-4832-9299-1932DC7AE938}"
EndProject
Project("{FAE04EC0-301F-11D3-BF4B-00C04F79EFBC}") = "SampleProject", "SampleProject\SampleProject\SampleProject.csproj", "{61D80379-6BF7-4885-A864-0F3E364A2342}"
EndProject
Global
	GlobalSection(SolutionConfigurationPlatforms) = preSolution
		Debug|Any CPU = Debug|Any CPU
		Debug|ARM = Debug|ARM
		Debug|iPhone = Debug|iPhone
		Debug|iPhoneSimulator = Debug|iPhoneSimulator
		Debug|x64 = Debug|x64
		Debug|x86 = Debug|x86
		Release|Any CPU = Release|Any CPU
		Release|ARM = Release|ARM
		Release|iPhone = Release|iPhone
		Release|iPhoneSimulator = Release|iPhoneSimulator
		Release|x64 = Release|x64
		Release|x86 = Release|x86
	EndGlobalSection
	GlobalSection(ProjectConfigurationPlatforms) = postSolution
		{2C077820-ED7F-4768-BD40-3824F2B1789D}.Debug|Any CPU.ActiveCfg = Debug|x86
		{2C077820-ED7F-4768-BD40-3824F2B1789D}.Debug|Any CPU.Build.0 = Debug|x86
		{2C077820-ED7F-4768-BD40-3824F2B1789D}.Debug|Any CPU.Deploy.0 = Debug|x86
		{2C077820-ED7F-4768-BD40-3824F2B1789D}.Debug|ARM.ActiveCfg = Debug|ARM
		{2C077820-ED7F-4768-BD40-3824F2B1789D}.Debug|ARM.Build.0 = Debug|ARM
		{2C077820-ED7F-4768-BD40-3824F2B1789D}.Debug|ARM.Deploy.0 = Debug|ARM
		{2C077820-ED7F-4768-BD40-3824F2B1789D}.Debug|iPhone.ActiveCfg = Debug|x86
		{2C077820-ED7F-4768-BD40-3824F2B1789D}.Debug|iPhone.Build.0 = Debug|x86
		{2C077820-ED7F-4768-BD40-3824F2B1789D}.Debug|iPhone.Deploy.0 = Debug|x86
		{2C077820-ED7F-4768-BD40-3824F2B1789D}.Debug|iPhoneSimulator.ActiveCfg = Debug|x86
		{2C077820-ED7F-4768-BD40-3824F2B1789D}.Debug|iPhoneSimulator.Build.0 = Debug|x86
		{2C077820-ED7F-4768-BD40-3824F2B1789D}.Debug|iPhoneSimulator.Deploy.0 = Debug|x86
		{2C077820-ED7F-4768-BD40-3824F2B1789D}.Debug|x64.ActiveCfg = Debug|x64
		{2C077820-ED7F-4768-BD40-3824F2B1789D}.Debug|x64.Build.0 = Debug|x64
		{2C077820-ED7F-4768-BD40-3824F2B1789D}.Debug|x64.Deploy.0 = Debug|x64
		{2C077820-ED7F-4768-BD40-3824F2B1789D}.Debug|x86.ActiveCfg = Debug|x86
		{2C077820-ED7F-4768-BD40-3824F2B1789D}.Debug|x86.Build.0 = Debug|x86
		{2C077820-ED7F-4768-BD40-3824F2B1789D}.Debug|x86.Deploy.0 = Debug|x86
		{2C077820-ED7F-4768-BD40-3824F2B1789D}.Release|Any CPU.ActiveCfg = Release|x86
		{2C077820-ED7F-4768-BD40-3824F2B1789D}.Release|Any CPU.Build.0 = Release|x86
		{2C077820-ED7F-4768-BD40-3824F2B1789D}.Release|Any CPU.Deploy.0 = Release|x86
		{2C077820-ED7F-4768-BD40-3824F2B1789D}.Release|ARM.ActiveCfg = Release|ARM
		{2C077820-ED7F-4768-BD40-3824F2B1789D}.Release|ARM.Build.0 = Release|ARM
		{2C077820-ED7F-4768-BD40-3824F2B1789D}.Release|ARM.Deploy.0 = Release|ARM
		{2C077820-ED7F-4768-BD40-3824F2B1789D}.Release|iPhone.ActiveCfg = Release|x86
		{2C077820-ED7F-4768-BD40-3824F2B1789D}.Release|iPhone.Build.0 = Release|x86
		{2C077820-ED7F-4768-BD40-3824F2B1789D}.Release|iPhone.Deploy.0 = Release|x86
		{2C077820-ED7F-4768-BD40-3824F2B1789D}.Release|iPhoneSimulator.ActiveCfg = Release|x86
		{2C077820-ED7F-4768-BD40-3824F2B1789D}.Release|iPhoneSimulator.Build.0 = Release|x86
		{2C077820-ED7F-4768-BD40-3824F2B1789D}.Release|iPhoneSimulator.Deploy.0 = Release|x86
		{2C077820-ED7F-4768-BD40-3824F2B1789D}.Release|x64.ActiveCfg = Release|x64
		{2C077820-ED7F-4768-BD40-3824F2B1789D}.Release|x64.Build.0 = Release|x64
		{2C077820-ED7F-4768-BD40-3824F2B1789D}.Release|x64.Deploy.0 = Release|x64
		{2C077820-ED7F-4768-BD40-3824F2B1789D}.Release|x86.ActiveCfg = Release|x86
		{2C077820-ED7F-4768-BD40-3824F2B1789D}.Release|x86.Build.0 = Release|x86
		{2C077820-ED7F-4768-BD40-3824F2B1789D}.Release|x86.Deploy.0 = Release|x86
		{A64DB482-B450-4E26-8739-C2430FC1EF7F}.Debug|Any CPU.ActiveCfg = Debug|Any CPU
		{A64DB482-B450-4E26-8739-C2430FC1EF7F}.Debug|Any CPU.Build.0 = Debug|Any CPU
		{A64DB482-B450-4E26-8739-C2430FC1EF7F}.Debug|Any CPU.Deploy.0 = Debug|Any CPU
		{A64DB482-B450-4E26-8739-C2430FC1EF7F}.Debug|ARM.ActiveCfg = Debug|Any CPU
		{A64DB482-B450-4E26-8739-C2430FC1EF7F}.Debug|ARM.Build.0 = Debug|Any CPU
		{A64DB482-B450-4E26-8739-C2430FC1EF7F}.Debug|ARM.Deploy.0 = Debug|Any CPU
		{A64DB482-B450-4E26-8739-C2430FC1EF7F}.Debug|iPhone.ActiveCfg = Debug|Any CPU
		{A64DB482-B450-4E26-8739-C2430FC1EF7F}.Debug|iPhone.Build.0 = Debug|Any CPU
		{A64DB482-B450-4E26-8739-C2430FC1EF7F}.Debug|iPhone.Deploy.0 = Debug|Any CPU
		{A64DB482-B450-4E26-8739-C2430FC1EF7F}.Debug|iPhoneSimulator.ActiveCfg = Debug|Any CPU
		{A64DB482-B450-4E26-8739-C2430FC1EF7F}.Debug|iPhoneSimulator.Build.0 = Debug|Any CPU
		{A64DB482-B450-4E26-8739-C2430FC1EF7F}.Debug|iPhoneSimulator.Deploy.0 = Debug|Any CPU
		{A64DB482-B450-4E26-8739-C2430FC1EF7F}.Debug|x64.ActiveCfg = Debug|Any CPU
		{A64DB482-B450-4E26-8739-C2430FC1EF7F}.Debug|x64.Build.0 = Debug|Any CPU
		{A64DB482-B450-4E26-8739-C2430FC1EF7F}.Debug|x64.Deploy.0 = Debug|Any CPU
		{A64DB482-B450-4E26-8739-C2430FC1EF7F}.Debug|x86.ActiveCfg = Debug|Any CPU
		{A64DB482-B450-4E26-8739-C2430FC1EF7F}.Debug|x86.Build.0 = Debug|Any CPU
		{A64DB482-B450-4E26-8739-C2430FC1EF7F}.Debug|x86.Deploy.0 = Debug|Any CPU
		{A64DB482-B450-4E26-8739-C2430FC1EF7F}.Release|Any CPU.ActiveCfg = Release|Any CPU
		{A64DB482-B450-4E26-8739-C2430FC1EF7F}.Release|Any CPU.Build.0 = Release|Any CPU
		{A64DB482-B450-4E26-8739-C2430FC1EF7F}.Release|Any CPU.Deploy.0 = Release|Any CPU
		{A64DB482-B450-4E26-8739-C2430FC1EF7F}.Release|ARM.ActiveCfg = Release|Any CPU
		{A64DB482-B450-4E26-8739-C2430FC1EF7F}.Release|ARM.Build.0 = Release|Any CPU
		{A64DB482-B450-4E26-8739-C2430FC1EF7F}.Release|ARM.Deploy.0 = Release|Any CPU
		{A64DB482-B450-4E26-8739-C2430FC1EF7F}.Release|iPhone.ActiveCfg = Release|Any CPU
		{A64DB482-B450-4E26-8739-C2430FC1EF7F}.Release|iPhone.Build.0 = Release|Any CPU
		{A64DB482-B450-4E26-8739-C2430FC1EF7F}.Release|iPhone.Deploy.0 = Release|Any CPU
		{A64DB482-B450-4E26-8739-C2430FC1EF7F}.Release|iPhoneSimulator.ActiveCfg = Release|Any CPU
		{A64DB482-B450-4E26-8739-C2430FC1EF7F}.Release|iPhoneSimulator.Build.0 = Release|Any CPU
		{A64DB482-B450-4E26-8739-C2430FC1EF7F}.Release|iPhoneSimulator.Deploy.0 = Release|Any CPU
		{A64DB482-B450-4E26-8739-C2430FC1EF7F}.Release|x64.ActiveCfg = Release|Any CPU
		{A64DB482-B450-4E26-8739-C2430FC1EF7F}.Release|x64.Build.0 = Release|Any CPU
		{A64DB482-B450-4E26-8739-C2430FC1EF7F}.Release|x64.Deploy.0 = Release|Any CPU
		{A64DB482-B450-4E26-8739-C2430FC1EF7F}.Release|x86.ActiveCfg = Release|Any CPU
		{A64DB482-B450-4E26-8739-C2430FC1EF7F}.Release|x86.Build.0 = Release|Any CPU
		{A64DB482-B450-4E26-8739-C2430FC1EF7F}.Release|x86.Deploy.0 = Release|Any CPU
		{35E86907-0A84-4832-9299-1932DC7AE938}.Debug|Any CPU.ActiveCfg = Debug|iPhone
		{35E86907-0A84-4832-9299-1932DC7AE938}.Debug|Any CPU.Build.0 = Debug|iPhone
		{35E86907-0A84-4832-9299-1932DC7AE938}.Debug|Any CPU.Deploy.0 = Debug|iPhone
		{35E86907-0A84-4832-9299-1932DC7AE938}.Debug|ARM.ActiveCfg = Debug|iPhone
		{35E86907-0A84-4832-9299-1932DC7AE938}.Debug|ARM.Build.0 = Debug|iPhone
		{35E86907-0A84-4832-9299-1932DC7AE938}.Debug|ARM.Deploy.0 = Debug|iPhone
		{35E86907-0A84-4832-9299-1932DC7AE938}.Debug|iPhone.ActiveCfg = Debug|iPhone
		{35E86907-0A84-4832-9299-1932DC7AE938}.Debug|iPhone.Build.0 = Debug|iPhone
		{35E86907-0A84-4832-9299-1932DC7AE938}.Debug|iPhone.Deploy.0 = Debug|iPhone
		{35E86907-0A84-4832-9299-1932DC7AE938}.Debug|iPhoneSimulator.ActiveCfg = Debug|iPhoneSimulator
		{35E86907-0A84-4832-9299-1932DC7AE938}.Debug|iPhoneSimulator.Build.0 = Debug|iPhoneSimulator
		{35E86907-0A84-4832-9299-1932DC7AE938}.Debug|iPhoneSimulator.Deploy.0 = Debug|iPhoneSimulator
		{35E86907-0A84-4832-9299-1932DC7AE938}.Debug|x64.ActiveCfg = Debug|iPhone
		{35E86907-0A84-4832-9299-1932DC7AE938}.Debug|x64.Build.0 = Debug|iPhone
		{35E86907-0A84-4832-9299-1932DC7AE938}.Debug|x64.Deploy.0 = Debug|iPhone
		{35E86907-0A84-4832-9299-1932DC7AE938}.Debug|x86.ActiveCfg = Debug|iPhone
		{35E86907-0A84-4832-9299-1932DC7AE938}.Debug|x86.Build.0 = Debug|iPhone
		{35E86907-0A84-4832-9299-1932DC7AE938}.Debug|x86.Deploy.0 = Debug|iPhone
		{35E86907-0A84-4832-9299-1932DC7AE938}.Release|Any CPU.ActiveCfg = Release|iPhone
		{35E86907-0A84-4832-9299-1932DC7AE938}.Release|Any CPU.Build.0 = Release|iPhone
		{35E86907-0A84-4832-9299-1932DC7AE938}.Release|Any CPU.Deploy.0 = Release|iPhone
		{35E86907-0A84-4832-9299-1932DC7AE938}.Release|ARM.ActiveCfg = Release|iPhone
		{35E86907-0A84-4832-9299-1932DC7AE938}.Release|ARM.Build.0 = Release|iPhone
		{35E86907-0A84-4832-9299-1932DC7AE938}.Release|ARM.Deploy.0 = Release|iPhone
		{35E86907-0A84-4832-9299-1932DC7AE938}.Release|iPhone.ActiveCfg = Release|iPhone
		{35E86907-0A84-4832-9299-1932DC7AE938}.Release|iPhone.Build.0 = Release|iPhone
		{35E86907-0A84-4832-9299-1932DC7AE938}.Release|iPhone.Deploy.0 = Release|iPhone
		{35E86907-0A84-4832-9299-1932DC7AE938}.Release|iPhoneSimulator.ActiveCfg = Release|iPhoneSimulator
		{35E86907-0A84-4832-9299-1932DC7AE938}.Release|iPhoneSimulator.Build.0 = Release|iPhoneSimulator
		{35E86907-0A84-4832-9299-1932DC7AE938}.Release|iPhoneSimulator.Deploy.0 = Release|iPhoneSimulator
		{35E86907-0A84-4832-9299-1932DC7AE938}.Release|x64.ActiveCfg = Release|iPhone
		{35E86907-0A84-4832-9299-1932DC7AE938}.Release|x64.Build.0 = Release|iPhone
		{35E86907-0A84-4832-9299-1932DC7AE938}.Release|x64.Deploy.0 = Release|iPhone
		{35E86907-0A84-4832-9299-1932DC7AE938}.Release|x86.ActiveCfg = Release|iPhone
		{35E86907-0A84-4832-9299-1932DC7AE938}.Release|x86.Build.0 = Release|iPhone
		{35E86907-0A84-4832-9299-1932DC7AE938}.Release|x86.Deploy.0 = Release|iPhone
		{61D80379-6BF7-4885-A864-0F3E364A2342}.Debug|Any CPU.ActiveCfg = Debug|Any CPU
		{61D80379-6BF7-4885-A864-0F3E364A2342}.Debug|Any CPU.Build.0 = Debug|Any CPU
		{61D80379-6BF7-4885-A864-0F3E364A2342}.Debug|Any CPU.Deploy.0 = Debug|Any CPU
		{61D80379-6BF7-4885-A864-0F3E364A2342}.Debug|ARM.ActiveCfg = Debug|Any CPU
		{61D80379-6BF7-4885-A864-0F3E364A2342}.Debug|ARM.Build.0 = Debug|Any CPU
		{61D80379-6BF7-4885-A864-0F3E364A2342}.Debug|ARM.Deploy.0 = Debug|Any CPU
		{61D80379-6BF7-4885-A864-0F3E364A2342}.Debug|iPhone.ActiveCfg = Debug|Any CPU
		{61D80379-6BF7-4885-A864-0F3E364A2342}.Debug|iPhone.Build.0 = Debug|Any CPU
		{61D80379-6BF7-4885-A864-0F3E364A2342}.Debug|iPhone.Deploy.0 = Debug|Any CPU
		{61D80379-6BF7-4885-A864-0F3E364A2342}.Debug|iPhoneSimulator.ActiveCfg = Debug|Any CPU
		{61D80379-6BF7-4885-A864-0F3E364A2342}.Debug|iPhoneSimulator.Build.0 = Debug|Any CPU
		{61D80379-6BF7-4885-A864-0F3E364A2342}.Debug|iPhoneSimulator.Deploy.0 = Debug|Any CPU
		{61D80379-6BF7-4885-A864-0F3E364A2342}.Debug|x64.ActiveCfg = Debug|Any CPU
		{61D80379-6BF7-4885-A864-0F3E364A2342}.Debug|x64.Build.0 = Debug|Any CPU
		{61D80379-6BF7-4885-A864-0F3E364A2342}.Debug|x64.Deploy.0 = Debug|Any CPU
		{61D80379-6BF7-4885-A864-0F3E364A2342}.Debug|x86.ActiveCfg = Debug|Any CPU
		{61D80379-6BF7-4885-A864-0F3E364A2342}.Debug|x86.Build.0 = Debug|Any CPU
		{61D80379-6BF7-4885-A864-0F3E364A2342}.Debug|x86.Deploy.0 = Debug|Any CPU
		{61D80379-6BF7-4885-A864-0F3E364A2342}.Release|Any CPU.ActiveCfg = Release|Any CPU
		{61D80379-6BF7-4885-A864-0F3E364A2342}.Release|Any CPU.Build.0 = Release|Any CPU
		{61D80379-6BF7-4885-A864-0F3E364A2342}.Release|Any CPU.Deploy.0 = Release|Any CPU
		{61D80379-6BF7-4885-A864-0F3E364A2342}.Release|ARM.ActiveCfg = Release|Any CPU
		{61D80379-6BF7-4885-A864-0F3E364A2342}.Release|ARM.Build.0 = Release|Any CPU
		{61D80379-6BF7-4885-A864-0F3E364A2342}.Release|ARM.Deploy.0 = Release|Any CPU
		{61D80379-6BF7-4885-A864-0F3E364A2342}.Release|iPhone.ActiveCfg = Release|Any CPU
		{61D80379-6BF7-4885-A864-0F3E364A2342}.Release|iPhone.Build.0 = Release|Any CPU
		{61D80379-6BF7-4885-A864-0F3E364A2342}.Release|iPhone.Deploy.0 = Release|Any CPU
		{61D80379-6BF7-4885-A864-0F3E364A2342}.Release|iPhoneSimulator.ActiveCfg = Release|Any CPU
		{61D80379-6BF7-4885-A864-0F3E364A2342}.Release|iPhoneSimulator.Build.0 = Release|Any CPU
		{61D80379-6BF7-4885-A864-0F3E364A2342}.Release|iPhoneSimulator.Deploy.0 = Release|Any CPU
		{61D80379-6BF7-4885-A864-0F3E364A2342}.Release|x64.ActiveCfg = Release|Any CPU
		{61D80379-6BF7-4885-A864-0F3E364A2342}.Release|x64.Build.0 = Release|Any CPU
		{61D80379-6BF7-4885-A864-0F3E364A2342}.Release|x64.Deploy.0 = Release|Any CPU
		{61D80379-6BF7-4885-A864-0F3E364A2342}.Release|x86.ActiveCfg = Release|Any CPU
		{61D80379-6BF7-4885-A864-0F3E364A2342}.Release|x86.Build.0 = Release|Any CPU
		{61D80379-6BF7-4885-A864-0F3E364A2342}.Release|x86.Deploy.0 = Release|Any CPU
	EndGlobalSection
	GlobalSection(SolutionProperties) = preSolution
		HideSolutionNode = FALSE
	EndGlobalSection
	GlobalSection(ExtensibilityGlobals) = postSolution
		SolutionGuid = {2D994975-1423-44B5-9789-1E7201B5EF39}
	EndGlobalSection
EndGlobal
